
Microsoft Visual Studio Solution File, Format Version 12.00
# Visual Studio Version 16
VisualStudioVersion = 16.0.30804.86
MinimumVisualStudioVersion = 10.0.40219.1
Project("{FAE04EC0-301F-11D3-BF4B-00C04F79EFBC}") = "Matriz", "Matriz\Matriz.csproj", "{847E6D00-434E-411E-BA83-4C9D52612645}"
EndProject
Global
	GlobalSection(SolutionConfigurationPlatforms) = preSolution
		Debug|Any CPU = Debug|Any CPU
		Release|Any CPU = Release|Any CPU
	EndGlobalSection
	GlobalSection(ProjectConfigurationPlatforms) = postSolution
		{847E6D00-434E-411E-BA83-4C9D52612645}.Debug|Any CPU.ActiveCfg = Debug|Any CPU
		{847E6D00-434E-411E-BA83-4C9D52612645}.Debug|Any CPU.Build.0 = Debug|Any CPU
		{847E6D00-434E-411E-BA83-4C9D52612645}.Release|Any CPU.ActiveCfg = Release|Any CPU
		{847E6D00-434E-411E-BA83-4C9D52612645}.Release|Any CPU.Build.0 = Release|Any CPU
	EndGlobalSection
	GlobalSection(SolutionProperties) = preSolution
		HideSolutionNode = FALSE
	EndGlobalSection
	GlobalSection(ExtensibilityGlobals) = postSolution
		SolutionGuid = {AABC9F6F-0D62-4A66-861A-68F5188A5891}
	EndGlobalSection
EndGlobal
