
Microsoft Visual Studio Solution File, Format Version 12.00
# Visual Studio Version 16
VisualStudioVersion = 16.0.30804.86
MinimumVisualStudioVersion = 10.0.40219.1
Project("{FAE04EC0-301F-11D3-BF4B-00C04F79EFBC}") = "Interfaces", "Interfaces\Interfaces.csproj", "{223DDB9C-65A3-4BBD-A79A-648107A927DC}"
EndProject
Global
	GlobalSection(SolutionConfigurationPlatforms) = preSolution
		Debug|Any CPU = Debug|Any CPU
		Release|Any CPU = Release|Any CPU
	EndGlobalSection
	GlobalSection(ProjectConfigurationPlatforms) = postSolution
		{223DDB9C-65A3-4BBD-A79A-648107A927DC}.Debug|Any CPU.ActiveCfg = Debug|Any CPU
		{223DDB9C-65A3-4BBD-A79A-648107A927DC}.Debug|Any CPU.Build.0 = Debug|Any CPU
		{223DDB9C-65A3-4BBD-A79A-648107A927DC}.Release|Any CPU.ActiveCfg = Release|Any CPU
		{223DDB9C-65A3-4BBD-A79A-648107A927DC}.Release|Any CPU.Build.0 = Release|Any CPU
	EndGlobalSection
	GlobalSection(SolutionProperties) = preSolution
		HideSolutionNode = FALSE
	EndGlobalSection
	GlobalSection(ExtensibilityGlobals) = postSolution
		SolutionGuid = {FF7A0412-3DB6-46E3-A7C5-31E31A97C6DB}
	EndGlobalSection
EndGlobal
