
Microsoft Visual Studio Solution File, Format Version 12.00
# Visual Studio Version 16
VisualStudioVersion = 16.0.30804.86
MinimumVisualStudioVersion = 10.0.40219.1
Project("{FAE04EC0-301F-11D3-BF4B-00C04F79EFBC}") = "exercicio-estrutura-condicional", "exercicio-estrutura-condicional\exercicio-estrutura-condicional.csproj", "{754D6A43-A0D7-4CDE-945D-A393A267E497}"
EndProject
Global
	GlobalSection(SolutionConfigurationPlatforms) = preSolution
		Debug|Any CPU = Debug|Any CPU
		Release|Any CPU = Release|Any CPU
	EndGlobalSection
	GlobalSection(ProjectConfigurationPlatforms) = postSolution
		{754D6A43-A0D7-4CDE-945D-A393A267E497}.Debug|Any CPU.ActiveCfg = Debug|Any CPU
		{754D6A43-A0D7-4CDE-945D-A393A267E497}.Debug|Any CPU.Build.0 = Debug|Any CPU
		{754D6A43-A0D7-4CDE-945D-A393A267E497}.Release|Any CPU.ActiveCfg = Release|Any CPU
		{754D6A43-A0D7-4CDE-945D-A393A267E497}.Release|Any CPU.Build.0 = Release|Any CPU
	EndGlobalSection
	GlobalSection(SolutionProperties) = preSolution
		HideSolutionNode = FALSE
	EndGlobalSection
	GlobalSection(ExtensibilityGlobals) = postSolution
		SolutionGuid = {F63D6DEF-1901-4969-92E8-66E0F8414B88}
	EndGlobalSection
EndGlobal
